<?xml version="1.0" encoding="utf-8"?>
<Project ToolsVersion="4.0" xmlns="http://schemas.microsoft.com/developer/msbuild/2003">
  <ItemGroup>
    <Filter Include="core">
      <UniqueIdentifier>{4FC737F1-C7A5-4376-A066-2A32D752A2FF}</UniqueIdentifier>
      <Extensions>cpp;c;cc;cxx;c++;cppm;ixx;def;odl;idl;hpj;bat;asm;asmx</Extensions>
    </Filter>
    <Filter Include="http">
      <UniqueIdentifier>{93995380-89BD-4b04-88EB-625FBE52EBFB}</UniqueIdentifier>
      <Extensions>h;hh;hpp;hxx;h++;hm;inl;inc;ipp;xsd</Extensions>
    </Filter>
    <Filter Include="http_parser">
      <UniqueIdentifier>{11c92a86-3120-4f6f-bf97-661bd30b0fea}</UniqueIdentifier>
    </Filter>
  </ItemGroup>
  <ItemGroup>
    <ClCompile Include="account_server.cpp">
      <Filter>core</Filter>
    </ClCompile>
    <ClCompile Include="main.cpp">
      <Filter>core</Filter>
    </ClCompile>
    <ClCompile Include="http_handler.cpp">
      <Filter>http</Filter>
    </ClCompile>
  </ItemGroup>
  <ItemGroup>
    <ClInclude Include="account_server.h">
      <Filter>core</Filter>
    </ClInclude>
    <ClInclude Include="http_handler.h">
      <Filter>http</Filter>
    </ClInclude>
    <ClInclude Include="httpparser\httprequestparser.h">
      <Filter>http_parser</Filter>
    </ClInclude>
    <ClInclude Include="httpparser\httpresponseparser.h">
      <Filter>http_parser</Filter>
    </ClInclude>
    <ClInclude Include="httpparser\request.h">
      <Filter>http_parser</Filter>
    </ClInclude>
    <ClInclude Include="httpparser\response.h">
      <Filter>http_parser</Filter>
    </ClInclude>
    <ClInclude Include="httpparser\urlparser.h">
      <Filter>http_parser</Filter>
    </ClInclude>
  </ItemGroup>
</Project>